{
  "nodes": {
    "agenix": {
      "inputs": {
        "nixpkgs": [
          "nixpkgs"
        ]
      },
      "locked": {
        "lastModified": 1665870395,
        "narHash": "sha256-Tsbqb27LDNxOoPLh0gw2hIb6L/6Ow/6lIBvqcHzEKBI=",
        "owner": "ryantm",
        "repo": "agenix",
        "rev": "a630400067c6d03c9b3e0455347dc8559db14288",
        "type": "github"
      },
      "original": {
        "owner": "ryantm",
        "repo": "agenix",
        "type": "github"
      }
    },
    "darwin": {
      "inputs": {
        "nixpkgs": [
          "nixpkgs"
        ]
      },
      "locked": {
        "lastModified": 1667419884,
        "narHash": "sha256-oLNw87ZI5NxTMlNQBv1wG2N27CUzo9admaFlnmavpiY=",
        "owner": "lnl7",
        "repo": "nix-darwin",
        "rev": "cfc0125eafadc9569d3d6a16ee928375b77e3100",
        "type": "github"
      },
      "original": {
        "owner": "lnl7",
        "repo": "nix-darwin",
        "type": "github"
      }
    },
    "home-manager": {
      "inputs": {
        "nixpkgs": [
          "nixpkgs"
        ],
        "utils": "utils"
      },
      "locked": {
        "lastModified": 1667981810,
        "narHash": "sha256-p27zd5M+OkfND46gzbGkaHlNBZsYe95M48OJuFeuuSY=",
        "owner": "nix-community",
        "repo": "home-manager",
        "rev": "6ce3493a3c5c6a8f4cfa6f5f88723272e0cfd335",
        "type": "github"
      },
      "original": {
        "owner": "nix-community",
        "repo": "home-manager",
        "type": "github"
      }
    },
    "nixpkgs": {
      "locked": {
        "lastModified": 1667991831,
        "narHash": "sha256-DHgEsLZI044B9T4AjA3K6+yB9/DqLr4dyA7OIx0FG7o=",
        "owner": "nixos",
        "repo": "nixpkgs",
        "rev": "872fceeed60ae6b7766cc0a4cd5bf5901b9098ec",
        "type": "github"
      },
      "original": {
        "owner": "nixos",
        "ref": "nixos-unstable",
        "repo": "nixpkgs",
        "type": "github"
      }
    },
    "root": {
      "inputs": {
        "agenix": "agenix",
        "darwin": "darwin",
        "home-manager": "home-manager",
        "nixpkgs": "nixpkgs"
      }
    },
    "utils": {
      "locked": {
        "lastModified": 1667395993,
        "narHash": "sha256-nuEHfE/LcWyuSWnS8t12N1wc105Qtau+/OdUAjtQ0rA=",
        "owner": "numtide",
        "repo": "flake-utils",
        "rev": "5aed5285a952e0b949eb3ba02c12fa4fcfef535f",
        "type": "github"
      },
      "original": {
        "owner": "numtide",
        "repo": "flake-utils",
        "type": "github"
      }
    }
  },
  "root": "root",
  "version": 7
}
